
Microsoft Visual Studio Solution File, Format Version 12.00
# Visual Studio 15
VisualStudioVersion = 15.0.28307.489
MinimumVisualStudioVersion = 10.0.40219.1
Project("{FAE04EC0-301F-11D3-BF4B-00C04F79EFBC}") = "WebApplication12", "WebApplication12\WebApplication12.csproj", "{AB518E6A-B607-4624-AC6B-E5EB000EF1A6}"
EndProject
Global
	GlobalSection(SolutionConfigurationPlatforms) = preSolution
		Debug|Any CPU = Debug|Any CPU
		Release|Any CPU = Release|Any CPU
	EndGlobalSection
	GlobalSection(ProjectConfigurationPlatforms) = postSolution
		{AB518E6A-B607-4624-AC6B-E5EB000EF1A6}.Debug|Any CPU.ActiveCfg = Debug|Any CPU
		{AB518E6A-B607-4624-AC6B-E5EB000EF1A6}.Debug|Any CPU.Build.0 = Debug|Any CPU
		{AB518E6A-B607-4624-AC6B-E5EB000EF1A6}.Release|Any CPU.ActiveCfg = Release|Any CPU
		{AB518E6A-B607-4624-AC6B-E5EB000EF1A6}.Release|Any CPU.Build.0 = Release|Any CPU
	EndGlobalSection
	GlobalSection(SolutionProperties) = preSolution
		HideSolutionNode = FALSE
	EndGlobalSection
	GlobalSection(ExtensibilityGlobals) = postSolution
		SolutionGuid = {8F40BEAD-A2B6-41A7-93B6-2FC94B5F6F70}
	EndGlobalSection
EndGlobal
